{
  "name": "chess-app",
  "version": "1.0.0",
  "lockfileVersion": 1,
  "requires": true,
  "dependencies": {
    "chess.js": {
      "version": "0.10.2",
      "resolved": "https://registry.npmjs.org/chess.js/-/chess.js-0.10.2.tgz",
      "integrity": "sha1-6s76IGcVX4fwRugMwS0gGe7xuBo="
    },
    "chessboardjs": {
      "version": "0.0.1",
      "resolved": "https://registry.npmjs.org/chessboardjs/-/chessboardjs-0.0.1.tgz",
      "integrity": "sha1-EG4RLbpswNzc91RyopISwwT/Vk4="
    }
  }
}
